
Microsoft Visual Studio Solution File, Format Version 12.00
# Visual Studio Version 17
VisualStudioVersion = 17.8.34322.80
MinimumVisualStudioVersion = 10.0.40219.1
Project("{FAE04EC0-301F-11D3-BF4B-00C04F79EFBC}") = "CleanArchitecture.Server", "CleanArchitecture.Server\CleanArchitecture.Server.csproj", "{A9878996-5E54-47AE-BB54-C0EDF5B511F7}"
EndProject
Project("{FAE04EC0-301F-11D3-BF4B-00C04F79EFBC}") = "CleanArchitecture.Application", "CleanArchitecture.Application\CleanArchitecture.Application.csproj", "{C1820790-0137-401D-A234-82EB5818230A}"
EndProject
Project("{FAE04EC0-301F-11D3-BF4B-00C04F79EFBC}") = "CleanArchitecture.Domain", "CleanArchitecture.Domain\CleanArchitecture.Domain.csproj", "{DBCA7956-784C-4B45-913F-7E082C02B67E}"
EndProject
Project("{FAE04EC0-301F-11D3-BF4B-00C04F79EFBC}") = "CleanArchitecture.Infrastructure", "CleanArchitecture.Infrastructure\CleanArchitecture.Infrastructure.csproj", "{CEFB4651-A8C9-4BCF-B508-99EC1A4177F0}"
EndProject
Global
	GlobalSection(SolutionConfigurationPlatforms) = preSolution
		Debug|Any CPU = Debug|Any CPU
		Release|Any CPU = Release|Any CPU
	EndGlobalSection
	GlobalSection(ProjectConfigurationPlatforms) = postSolution
		{A9878996-5E54-47AE-BB54-C0EDF5B511F7}.Debug|Any CPU.ActiveCfg = Debug|Any CPU
		{A9878996-5E54-47AE-BB54-C0EDF5B511F7}.Debug|Any CPU.Build.0 = Debug|Any CPU
		{A9878996-5E54-47AE-BB54-C0EDF5B511F7}.Release|Any CPU.ActiveCfg = Release|Any CPU
		{A9878996-5E54-47AE-BB54-C0EDF5B511F7}.Release|Any CPU.Build.0 = Release|Any CPU
		{C1820790-0137-401D-A234-82EB5818230A}.Debug|Any CPU.ActiveCfg = Debug|Any CPU
		{C1820790-0137-401D-A234-82EB5818230A}.Debug|Any CPU.Build.0 = Debug|Any CPU
		{C1820790-0137-401D-A234-82EB5818230A}.Release|Any CPU.ActiveCfg = Release|Any CPU
		{C1820790-0137-401D-A234-82EB5818230A}.Release|Any CPU.Build.0 = Release|Any CPU
		{DBCA7956-784C-4B45-913F-7E082C02B67E}.Debug|Any CPU.ActiveCfg = Debug|Any CPU
		{DBCA7956-784C-4B45-913F-7E082C02B67E}.Debug|Any CPU.Build.0 = Debug|Any CPU
		{DBCA7956-784C-4B45-913F-7E082C02B67E}.Release|Any CPU.ActiveCfg = Release|Any CPU
		{DBCA7956-784C-4B45-913F-7E082C02B67E}.Release|Any CPU.Build.0 = Release|Any CPU
		{CEFB4651-A8C9-4BCF-B508-99EC1A4177F0}.Debug|Any CPU.ActiveCfg = Debug|Any CPU
		{CEFB4651-A8C9-4BCF-B508-99EC1A4177F0}.Debug|Any CPU.Build.0 = Debug|Any CPU
		{CEFB4651-A8C9-4BCF-B508-99EC1A4177F0}.Release|Any CPU.ActiveCfg = Release|Any CPU
		{CEFB4651-A8C9-4BCF-B508-99EC1A4177F0}.Release|Any CPU.Build.0 = Release|Any CPU
	EndGlobalSection
	GlobalSection(SolutionProperties) = preSolution
		HideSolutionNode = FALSE
	EndGlobalSection
	GlobalSection(ExtensibilityGlobals) = postSolution
		SolutionGuid = {22D67DC7-9DE0-4EC6-9C56-39F5254F6A98}
	EndGlobalSection
EndGlobal
